
Microsoft Visual Studio Solution File, Format Version 10.00
# Visual Studio 2008
Project("{FAE04EC0-301F-11D3-BF4B-00C04F79EFBC}") = "PDA", "PDA\PDA.csproj", "{649A4569-99B5-4317-A399-49FA24B289B6}"
EndProject
Project("{FAE04EC0-301F-11D3-BF4B-00C04F79EFBC}") = "Update", "Update\Update.csproj", "{654F0B0E-EF3D-493C-BBCE-3C5D2D40B339}"
EndProject
Global
	GlobalSection(SolutionConfigurationPlatforms) = preSolution
		Debug|Any CPU = Debug|Any CPU
		Release|Any CPU = Release|Any CPU
	EndGlobalSection
	GlobalSection(ProjectConfigurationPlatforms) = postSolution
		{649A4569-99B5-4317-A399-49FA24B289B6}.Debug|Any CPU.ActiveCfg = Debug|Any CPU
		{649A4569-99B5-4317-A399-49FA24B289B6}.Debug|Any CPU.Build.0 = Debug|Any CPU
		{649A4569-99B5-4317-A399-49FA24B289B6}.Debug|Any CPU.Deploy.0 = Debug|Any CPU
		{649A4569-99B5-4317-A399-49FA24B289B6}.Release|Any CPU.ActiveCfg = Release|Any CPU
		{649A4569-99B5-4317-A399-49FA24B289B6}.Release|Any CPU.Build.0 = Release|Any CPU
		{649A4569-99B5-4317-A399-49FA24B289B6}.Release|Any CPU.Deploy.0 = Release|Any CPU
		{654F0B0E-EF3D-493C-BBCE-3C5D2D40B339}.Debug|Any CPU.ActiveCfg = Debug|Any CPU
		{654F0B0E-EF3D-493C-BBCE-3C5D2D40B339}.Debug|Any CPU.Build.0 = Debug|Any CPU
		{654F0B0E-EF3D-493C-BBCE-3C5D2D40B339}.Debug|Any CPU.Deploy.0 = Debug|Any CPU
		{654F0B0E-EF3D-493C-BBCE-3C5D2D40B339}.Release|Any CPU.ActiveCfg = Release|Any CPU
		{654F0B0E-EF3D-493C-BBCE-3C5D2D40B339}.Release|Any CPU.Build.0 = Release|Any CPU
		{654F0B0E-EF3D-493C-BBCE-3C5D2D40B339}.Release|Any CPU.Deploy.0 = Release|Any CPU
	EndGlobalSection
	GlobalSection(SolutionProperties) = preSolution
		HideSolutionNode = FALSE
	EndGlobalSection
EndGlobal
